
Microsoft Visual Studio Solution File, Format Version 12.00
# Visual Studio Version 16
VisualStudioVersion = 16.0.30114.105
MinimumVisualStudioVersion = 10.0.40219.1
Project("{2150E333-8FDC-42A3-9474-1A3956D46DE8}") = "src", "src", "{66FD38F9-01BF-4D7B-B62D-20F1120C7F75}"
EndProject
Project("{FAE04EC0-301F-11D3-BF4B-00C04F79EFBC}") = "Hashio", "src\Hashio\Hashio.csproj", "{08946ABD-B525-4D13-A14F-6D4A7095BA7B}"
EndProject
Project("{FAE04EC0-301F-11D3-BF4B-00C04F79EFBC}") = "Test", "src\Test\Test.csproj", "{253FBD17-4543-4847-9C42-C5433F0ED72C}"
EndProject
Global
	GlobalSection(SolutionConfigurationPlatforms) = preSolution
		Debug|Any CPU = Debug|Any CPU
		Debug|x64 = Debug|x64
		Debug|x86 = Debug|x86
		Release|Any CPU = Release|Any CPU
		Release|x64 = Release|x64
		Release|x86 = Release|x86
	EndGlobalSection
	GlobalSection(SolutionProperties) = preSolution
		HideSolutionNode = FALSE
	EndGlobalSection
	GlobalSection(ProjectConfigurationPlatforms) = postSolution
		{08946ABD-B525-4D13-A14F-6D4A7095BA7B}.Debug|Any CPU.ActiveCfg = Debug|Any CPU
		{08946ABD-B525-4D13-A14F-6D4A7095BA7B}.Debug|Any CPU.Build.0 = Debug|Any CPU
		{08946ABD-B525-4D13-A14F-6D4A7095BA7B}.Debug|x64.ActiveCfg = Debug|Any CPU
		{08946ABD-B525-4D13-A14F-6D4A7095BA7B}.Debug|x64.Build.0 = Debug|Any CPU
		{08946ABD-B525-4D13-A14F-6D4A7095BA7B}.Debug|x86.ActiveCfg = Debug|Any CPU
		{08946ABD-B525-4D13-A14F-6D4A7095BA7B}.Debug|x86.Build.0 = Debug|Any CPU
		{08946ABD-B525-4D13-A14F-6D4A7095BA7B}.Release|Any CPU.ActiveCfg = Release|Any CPU
		{08946ABD-B525-4D13-A14F-6D4A7095BA7B}.Release|Any CPU.Build.0 = Release|Any CPU
		{08946ABD-B525-4D13-A14F-6D4A7095BA7B}.Release|x64.ActiveCfg = Release|Any CPU
		{08946ABD-B525-4D13-A14F-6D4A7095BA7B}.Release|x64.Build.0 = Release|Any CPU
		{08946ABD-B525-4D13-A14F-6D4A7095BA7B}.Release|x86.ActiveCfg = Release|Any CPU
		{08946ABD-B525-4D13-A14F-6D4A7095BA7B}.Release|x86.Build.0 = Release|Any CPU
		{253FBD17-4543-4847-9C42-C5433F0ED72C}.Debug|Any CPU.ActiveCfg = Debug|Any CPU
		{253FBD17-4543-4847-9C42-C5433F0ED72C}.Debug|Any CPU.Build.0 = Debug|Any CPU
		{253FBD17-4543-4847-9C42-C5433F0ED72C}.Debug|x64.ActiveCfg = Debug|Any CPU
		{253FBD17-4543-4847-9C42-C5433F0ED72C}.Debug|x64.Build.0 = Debug|Any CPU
		{253FBD17-4543-4847-9C42-C5433F0ED72C}.Debug|x86.ActiveCfg = Debug|Any CPU
		{253FBD17-4543-4847-9C42-C5433F0ED72C}.Debug|x86.Build.0 = Debug|Any CPU
		{253FBD17-4543-4847-9C42-C5433F0ED72C}.Release|Any CPU.ActiveCfg = Release|Any CPU
		{253FBD17-4543-4847-9C42-C5433F0ED72C}.Release|Any CPU.Build.0 = Release|Any CPU
		{253FBD17-4543-4847-9C42-C5433F0ED72C}.Release|x64.ActiveCfg = Release|Any CPU
		{253FBD17-4543-4847-9C42-C5433F0ED72C}.Release|x64.Build.0 = Release|Any CPU
		{253FBD17-4543-4847-9C42-C5433F0ED72C}.Release|x86.ActiveCfg = Release|Any CPU
		{253FBD17-4543-4847-9C42-C5433F0ED72C}.Release|x86.Build.0 = Release|Any CPU
	EndGlobalSection
	GlobalSection(NestedProjects) = preSolution
		{08946ABD-B525-4D13-A14F-6D4A7095BA7B} = {66FD38F9-01BF-4D7B-B62D-20F1120C7F75}
		{253FBD17-4543-4847-9C42-C5433F0ED72C} = {66FD38F9-01BF-4D7B-B62D-20F1120C7F75}
	EndGlobalSection
EndGlobal
